// !$*UTF8*$!
{
	archiveVersion = 1;
	classes = {
	};
	objectVersion = 51;
	objects = {

/* Begin PBXBuildFile section */
		6F229AC4D7969213CB72AD0D /* Pods_trip_go.framework in Frameworks */ = {isa = PBXBuildFile; fileRef = 707C651D30C68633BF5A7682 /* Pods_trip_go.framework */; };
		B74D09B0272426F00060159B /* AppDelegate.swift in Sources */ = {isa = PBXBuildFile; fileRef = B74D09AF272426F00060159B /* AppDelegate.swift */; };
		B74D09B2272426F00060159B /* SceneDelegate.swift in Sources */ = {isa = PBXBuildFile; fileRef = B74D09B1272426F00060159B /* SceneDelegate.swift */; };
		B74D09B4272426F00060159B /* ViewController.swift in Sources */ = {isa = PBXBuildFile; fileRef = B74D09B3272426F00060159B /* ViewController.swift */; };
		B74D09B7272426F00060159B /* Main.storyboard in Resources */ = {isa = PBXBuildFile; fileRef = B74D09B5272426F00060159B /* Main.storyboard */; };
		B74D09B9272426F10060159B /* Assets.xcassets in Resources */ = {isa = PBXBuildFile; fileRef = B74D09B8272426F10060159B /* Assets.xcassets */; };
		B74D09BC272426F10060159B /* LaunchScreen.storyboard in Resources */ = {isa = PBXBuildFile; fileRef = B74D09BA272426F10060159B /* LaunchScreen.storyboard */; };
		B78BE00F2725151F00B90BF1 /* LocationManager.swift in Sources */ = {isa = PBXBuildFile; fileRef = B78BE00E2725151F00B90BF1 /* LocationManager.swift */; };
		B78BE0122725233500B90BF1 /* NetworkManager.swift in Sources */ = {isa = PBXBuildFile; fileRef = B78BE0112725233500B90BF1 /* NetworkManager.swift */; };
		B78BE01527252A4300B90BF1 /* ModelRoute.swift in Sources */ = {isa = PBXBuildFile; fileRef = B78BE01427252A4300B90BF1 /* ModelRoute.swift */; };
		B7E5F78A272433CE009CC492 /* ChoiceModeController.swift in Sources */ = {isa = PBXBuildFile; fileRef = B7E5F789272433CE009CC492 /* ChoiceModeController.swift */; };
		B7E5F78D272436D2009CC492 /* MainWindowTabsTrip.swift in Sources */ = {isa = PBXBuildFile; fileRef = B7E5F78C272436D2009CC492 /* MainWindowTabsTrip.swift */; };
		B7E5F79327243958009CC492 /* TripGoController.swift in Sources */ = {isa = PBXBuildFile; fileRef = B7E5F79227243958009CC492 /* TripGoController.swift */; };
		B7E5F795272439DD009CC492 /* TripCreateController.swift in Sources */ = {isa = PBXBuildFile; fileRef = B7E5F794272439DD009CC492 /* TripCreateController.swift */; };
		B7E5F79727243A33009CC492 /* TripFavoiriteController.swift in Sources */ = {isa = PBXBuildFile; fileRef = B7E5F79627243A33009CC492 /* TripFavoiriteController.swift */; };
		B7E5F79927243A73009CC492 /* TripUserSettingController.swift in Sources */ = {isa = PBXBuildFile; fileRef = B7E5F79827243A73009CC492 /* TripUserSettingController.swift */; };
		B7E5F79C2724479F009CC492 /* TripGestureHelper.swift in Sources */ = {isa = PBXBuildFile; fileRef = B7E5F79B2724479F009CC492 /* TripGestureHelper.swift */; };
		B7E5F79F272447F4009CC492 /* TripMarkerHelper.swift in Sources */ = {isa = PBXBuildFile; fileRef = B7E5F79E272447F4009CC492 /* TripMarkerHelper.swift */; };
		B7E5F7A227249ED6009CC492 /* ViewDetailRouteController.swift in Sources */ = {isa = PBXBuildFile; fileRef = B7E5F7A127249ED6009CC492 /* ViewDetailRouteController.swift */; };
		B7E5F7A52724FDD8009CC492 /* TripGeocoder+Helper.swift in Sources */ = {isa = PBXBuildFile; fileRef = B7E5F7A42724FDD8009CC492 /* TripGeocoder+Helper.swift */; };
/* End PBXBuildFile section */

/* Begin PBXFileReference section */
		1B470947B6CD2074091C865F /* Pods-trip_go.debug.xcconfig */ = {isa = PBXFileReference; includeInIndex = 1; lastKnownFileType = text.xcconfig; name = "Pods-trip_go.debug.xcconfig"; path = "Target Support Files/Pods-trip_go/Pods-trip_go.debug.xcconfig"; sourceTree = "<group>"; };
		3DC5B1694C93B775768037F3 /* Pods-trip_go.release.xcconfig */ = {isa = PBXFileReference; includeInIndex = 1; lastKnownFileType = text.xcconfig; name = "Pods-trip_go.release.xcconfig"; path = "Target Support Files/Pods-trip_go/Pods-trip_go.release.xcconfig"; sourceTree = "<group>"; };
		707C651D30C68633BF5A7682 /* Pods_trip_go.framework */ = {isa = PBXFileReference; explicitFileType = wrapper.framework; includeInIndex = 0; path = Pods_trip_go.framework; sourceTree = BUILT_PRODUCTS_DIR; };
		B74D09AC272426F00060159B /* trip_go.app */ = {isa = PBXFileReference; explicitFileType = wrapper.application; includeInIndex = 0; path = trip_go.app; sourceTree = BUILT_PRODUCTS_DIR; };
		B74D09AF272426F00060159B /* AppDelegate.swift */ = {isa = PBXFileReference; lastKnownFileType = sourcecode.swift; path = AppDelegate.swift; sourceTree = "<group>"; };
		B74D09B1272426F00060159B /* SceneDelegate.swift */ = {isa = PBXFileReference; lastKnownFileType = sourcecode.swift; path = SceneDelegate.swift; sourceTree = "<group>"; };
		B74D09B3272426F00060159B /* ViewController.swift */ = {isa = PBXFileReference; lastKnownFileType = sourcecode.swift; path = ViewController.swift; sourceTree = "<group>"; };
		B74D09B6272426F00060159B /* Base */ = {isa = PBXFileReference; lastKnownFileType = file.storyboard; name = Base; path = Base.lproj/Main.storyboard; sourceTree = "<group>"; };
		B74D09B8272426F10060159B /* Assets.xcassets */ = {isa = PBXFileReference; lastKnownFileType = folder.assetcatalog; path = Assets.xcassets; sourceTree = "<group>"; };
		B74D09BB272426F10060159B /* Base */ = {isa = PBXFileReference; lastKnownFileType = file.storyboard; name = Base; path = Base.lproj/LaunchScreen.storyboard; sourceTree = "<group>"; };
		B74D09BD272426F10060159B /* Info.plist */ = {isa = PBXFileReference; lastKnownFileType = text.plist.xml; path = Info.plist; sourceTree = "<group>"; };
		B78BE00E2725151F00B90BF1 /* LocationManager.swift */ = {isa = PBXFileReference; lastKnownFileType = sourcecode.swift; path = LocationManager.swift; sourceTree = "<group>"; };
		B78BE0112725233500B90BF1 /* NetworkManager.swift */ = {isa = PBXFileReference; lastKnownFileType = sourcecode.swift; path = NetworkManager.swift; sourceTree = "<group>"; };
		B78BE01427252A4300B90BF1 /* ModelRoute.swift */ = {isa = PBXFileReference; lastKnownFileType = sourcecode.swift; path = ModelRoute.swift; sourceTree = "<group>"; };
		B7E5F789272433CE009CC492 /* ChoiceModeController.swift */ = {isa = PBXFileReference; lastKnownFileType = sourcecode.swift; path = ChoiceModeController.swift; sourceTree = "<group>"; };
		B7E5F78C272436D2009CC492 /* MainWindowTabsTrip.swift */ = {isa = PBXFileReference; lastKnownFileType = sourcecode.swift; path = MainWindowTabsTrip.swift; sourceTree = "<group>"; };
		B7E5F79227243958009CC492 /* TripGoController.swift */ = {isa = PBXFileReference; lastKnownFileType = sourcecode.swift; path = TripGoController.swift; sourceTree = "<group>"; };
		B7E5F794272439DD009CC492 /* TripCreateController.swift */ = {isa = PBXFileReference; lastKnownFileType = sourcecode.swift; path = TripCreateController.swift; sourceTree = "<group>"; };
		B7E5F79627243A33009CC492 /* TripFavoiriteController.swift */ = {isa = PBXFileReference; lastKnownFileType = sourcecode.swift; path = TripFavoiriteController.swift; sourceTree = "<group>"; };
		B7E5F79827243A73009CC492 /* TripUserSettingController.swift */ = {isa = PBXFileReference; lastKnownFileType = sourcecode.swift; path = TripUserSettingController.swift; sourceTree = "<group>"; };
		B7E5F79B2724479F009CC492 /* TripGestureHelper.swift */ = {isa = PBXFileReference; lastKnownFileType = sourcecode.swift; path = TripGestureHelper.swift; sourceTree = "<group>"; };
		B7E5F79E272447F4009CC492 /* TripMarkerHelper.swift */ = {isa = PBXFileReference; lastKnownFileType = sourcecode.swift; path = TripMarkerHelper.swift; sourceTree = "<group>"; };
		B7E5F7A127249ED6009CC492 /* ViewDetailRouteController.swift */ = {isa = PBXFileReference; lastKnownFileType = sourcecode.swift; path = ViewDetailRouteController.swift; sourceTree = "<group>"; };
		B7E5F7A42724FDD8009CC492 /* TripGeocoder+Helper.swift */ = {isa = PBXFileReference; lastKnownFileType = sourcecode.swift; path = "TripGeocoder+Helper.swift"; sourceTree = "<group>"; };
/* End PBXFileReference section */

/* Begin PBXFrameworksBuildPhase section */
		B74D09A9272426F00060159B /* Frameworks */ = {
			isa = PBXFrameworksBuildPhase;
			buildActionMask = 2147483647;
			files = (
				6F229AC4D7969213CB72AD0D /* Pods_trip_go.framework in Frameworks */,
			);
			runOnlyForDeploymentPostprocessing = 0;
		};
/* End PBXFrameworksBuildPhase section */

/* Begin PBXGroup section */
		57133003848438D3F660B17E /* Pods */ = {
			isa = PBXGroup;
			children = (
				1B470947B6CD2074091C865F /* Pods-trip_go.debug.xcconfig */,
				3DC5B1694C93B775768037F3 /* Pods-trip_go.release.xcconfig */,
			);
			path = Pods;
			sourceTree = "<group>";
		};
		9EE4BA1579F2049A4A93862D /* Frameworks */ = {
			isa = PBXGroup;
			children = (
				707C651D30C68633BF5A7682 /* Pods_trip_go.framework */,
			);
			name = Frameworks;
			sourceTree = "<group>";
		};
		B74D09A3272426F00060159B = {
			isa = PBXGroup;
			children = (
				B74D09AE272426F00060159B /* trip_go */,
				B74D09AD272426F00060159B /* Products */,
				57133003848438D3F660B17E /* Pods */,
				9EE4BA1579F2049A4A93862D /* Frameworks */,
			);
			sourceTree = "<group>";
		};
		B74D09AD272426F00060159B /* Products */ = {
			isa = PBXGroup;
			children = (
				B74D09AC272426F00060159B /* trip_go.app */,
			);
			name = Products;
			sourceTree = "<group>";
		};
		B74D09AE272426F00060159B /* trip_go */ = {
			isa = PBXGroup;
			children = (
				B78BE0102725231F00B90BF1 /* NetworkManager */,
				B7E5F7A027249EAC009CC492 /* TripDetailRoute */,
				B7E5F79D272447DE009CC492 /* TripHelperMarker */,
				B7E5F79A27244780009CC492 /* TripHelper_Gesture */,
				B7E5F78F2724373E009CC492 /* TripGoController */,
				B7E5F79027243756009CC492 /* TripCreateController */,
				B7E5F79127243767009CC492 /* TripFavoiriteController */,
				B7E5F78E27243722009CC492 /* TripUserSettingController */,
				B7E5F78B27243689009CC492 /* MainWIndowTabs */,
				B7E5F788272433A5009CC492 /* MainViewApp */,
				B7E5F7872724334E009CC492 /* AppDelegate */,
				B74D09B3272426F00060159B /* ViewController.swift */,
				B74D09B5272426F00060159B /* Main.storyboard */,
				B74D09B8272426F10060159B /* Assets.xcassets */,
				B74D09BA272426F10060159B /* LaunchScreen.storyboard */,
				B74D09BD272426F10060159B /* Info.plist */,
			);
			path = trip_go;
			sourceTree = "<group>";
		};
		B78BE00D2725150500B90BF1 /* LocationManager+Helper */ = {
			isa = PBXGroup;
			children = (
				B78BE00E2725151F00B90BF1 /* LocationManager.swift */,
			);
			path = "LocationManager+Helper";
			sourceTree = "<group>";
		};
		B78BE0102725231F00B90BF1 /* NetworkManager */ = {
			isa = PBXGroup;
			children = (
				B78BE0112725233500B90BF1 /* NetworkManager.swift */,
			);
			path = NetworkManager;
			sourceTree = "<group>";
		};
		B78BE01327252A3300B90BF1 /* Model */ = {
			isa = PBXGroup;
			children = (
				B78BE01427252A4300B90BF1 /* ModelRoute.swift */,
			);
			path = Model;
			sourceTree = "<group>";
		};
		B7E5F7872724334E009CC492 /* AppDelegate */ = {
			isa = PBXGroup;
			children = (
				B74D09AF272426F00060159B /* AppDelegate.swift */,
				B74D09B1272426F00060159B /* SceneDelegate.swift */,
			);
			path = AppDelegate;
			sourceTree = "<group>";
		};
		B7E5F788272433A5009CC492 /* MainViewApp */ = {
			isa = PBXGroup;
			children = (
				B7E5F789272433CE009CC492 /* ChoiceModeController.swift */,
			);
			path = MainViewApp;
			sourceTree = "<group>";
		};
		B7E5F78B27243689009CC492 /* MainWIndowTabs */ = {
			isa = PBXGroup;
			children = (
				B7E5F78C272436D2009CC492 /* MainWindowTabsTrip.swift */,
			);
			path = MainWIndowTabs;
			sourceTree = "<group>";
		};
		B7E5F78E27243722009CC492 /* TripUserSettingController */ = {
			isa = PBXGroup;
			children = (
				B7E5F79827243A73009CC492 /* TripUserSettingController.swift */,
			);
			path = TripUserSettingController;
			sourceTree = "<group>";
		};
		B7E5F78F2724373E009CC492 /* TripGoController */ = {
			isa = PBXGroup;
			children = (
				B78BE00D2725150500B90BF1 /* LocationManager+Helper */,
				B7E5F7A32724FDB9009CC492 /* Geocoder+Helper */,
				B7E5F79227243958009CC492 /* TripGoController.swift */,
			);
			path = TripGoController;
			sourceTree = "<group>";
		};
		B7E5F79027243756009CC492 /* TripCreateController */ = {
			isa = PBXGroup;
			children = (
				B7E5F794272439DD009CC492 /* TripCreateController.swift */,
			);
			path = TripCreateController;
			sourceTree = "<group>";
		};
		B7E5F79127243767009CC492 /* TripFavoiriteController */ = {
			isa = PBXGroup;
			children = (
				B7E5F79627243A33009CC492 /* TripFavoiriteController.swift */,
			);
			path = TripFavoiriteController;
			sourceTree = "<group>";
		};
		B7E5F79A27244780009CC492 /* TripHelper_Gesture */ = {
			isa = PBXGroup;
			children = (
				B7E5F79B2724479F009CC492 /* TripGestureHelper.swift */,
			);
			path = TripHelper_Gesture;
			sourceTree = "<group>";
		};
		B7E5F79D272447DE009CC492 /* TripHelperMarker */ = {
			isa = PBXGroup;
			children = (
				B7E5F79E272447F4009CC492 /* TripMarkerHelper.swift */,
			);
			path = TripHelperMarker;
			sourceTree = "<group>";
		};
		B7E5F7A027249EAC009CC492 /* TripDetailRoute */ = {
			isa = PBXGroup;
			children = (
				B7E5F7A127249ED6009CC492 /* ViewDetailRouteController.swift */,
			);
			path = TripDetailRoute;
			sourceTree = "<group>";
		};
		B7E5F7A32724FDB9009CC492 /* Geocoder+Helper */ = {
			isa = PBXGroup;
			children = (
				B78BE01327252A3300B90BF1 /* Model */,
				B7E5F7A42724FDD8009CC492 /* TripGeocoder+Helper.swift */,
			);
			path = "Geocoder+Helper";
			sourceTree = "<group>";
		};
/* End PBXGroup section */

/* Begin PBXNativeTarget section */
		B74D09AB272426F00060159B /* trip_go */ = {
			isa = PBXNativeTarget;
			buildConfigurationList = B74D09C0272426F10060159B /* Build configuration list for PBXNativeTarget "trip_go" */;
			buildPhases = (
				018931380261517F1EC35F9E /* [CP] Check Pods Manifest.lock */,
				B74D09A8272426F00060159B /* Sources */,
				B74D09A9272426F00060159B /* Frameworks */,
				B74D09AA272426F00060159B /* Resources */,
				5A20323FFBBB4C11FF546FAD /* [CP] Embed Pods Frameworks */,
			);
			buildRules = (
			);
			dependencies = (
			);
			name = trip_go;
			productName = trip_go;
			productReference = B74D09AC272426F00060159B /* trip_go.app */;
			productType = "com.apple.product-type.application";
		};
/* End PBXNativeTarget section */

/* Begin PBXProject section */
		B74D09A4272426F00060159B /* Project object */ = {
			isa = PBXProject;
			attributes = {
				LastSwiftUpdateCheck = 1250;
				LastUpgradeCheck = 1250;
				TargetAttributes = {
					B74D09AB272426F00060159B = {
						CreatedOnToolsVersion = 12.5;
					};
				};
			};
			buildConfigurationList = B74D09A7272426F00060159B /* Build configuration list for PBXProject "trip_go" */;
			compatibilityVersion = "Xcode 9.3";
			developmentRegion = en;
			hasScannedForEncodings = 0;
			knownRegions = (
				en,
				Base,
			);
			mainGroup = B74D09A3272426F00060159B;
			productRefGroup = B74D09AD272426F00060159B /* Products */;
			projectDirPath = "";
			projectRoot = "";
			targets = (
				B74D09AB272426F00060159B /* trip_go */,
			);
		};
/* End PBXProject section */

/* Begin PBXResourcesBuildPhase section */
		B74D09AA272426F00060159B /* Resources */ = {
			isa = PBXResourcesBuildPhase;
			buildActionMask = 2147483647;
			files = (
				B74D09BC272426F10060159B /* LaunchScreen.storyboard in Resources */,
				B74D09B9272426F10060159B /* Assets.xcassets in Resources */,
				B74D09B7272426F00060159B /* Main.storyboard in Resources */,
			);
			runOnlyForDeploymentPostprocessing = 0;
		};
/* End PBXResourcesBuildPhase section */

/* Begin PBXShellScriptBuildPhase section */
		018931380261517F1EC35F9E /* [CP] Check Pods Manifest.lock */ = {
			isa = PBXShellScriptBuildPhase;
			buildActionMask = 2147483647;
			files = (
			);
			inputFileListPaths = (
			);
			inputPaths = (
				"${PODS_PODFILE_DIR_PATH}/Podfile.lock",
				"${PODS_ROOT}/Manifest.lock",
			);
			name = "[CP] Check Pods Manifest.lock";
			outputFileListPaths = (
			);
			outputPaths = (
				"$(DERIVED_FILE_DIR)/Pods-trip_go-checkManifestLockResult.txt",
			);
			runOnlyForDeploymentPostprocessing = 0;
			shellPath = /bin/sh;
			shellScript = "diff \"${PODS_PODFILE_DIR_PATH}/Podfile.lock\" \"${PODS_ROOT}/Manifest.lock\" > /dev/null\nif [ $? != 0 ] ; then\n    # print error to STDERR\n    echo \"error: The sandbox is not in sync with the Podfile.lock. Run 'pod install' or update your CocoaPods installation.\" >&2\n    exit 1\nfi\n# This output is used by Xcode 'outputs' to avoid re-running this script phase.\necho \"SUCCESS\" > \"${SCRIPT_OUTPUT_FILE_0}\"\n";
			showEnvVarsInLog = 0;
		};
		5A20323FFBBB4C11FF546FAD /* [CP] Embed Pods Frameworks */ = {
			isa = PBXShellScriptBuildPhase;
			buildActionMask = 2147483647;
			files = (
			);
			inputFileListPaths = (
				"${PODS_ROOT}/Target Support Files/Pods-trip_go/Pods-trip_go-frameworks-${CONFIGURATION}-input-files.xcfilelist",
			);
			name = "[CP] Embed Pods Frameworks";
			outputFileListPaths = (
				"${PODS_ROOT}/Target Support Files/Pods-trip_go/Pods-trip_go-frameworks-${CONFIGURATION}-output-files.xcfilelist",
			);
			runOnlyForDeploymentPostprocessing = 0;
			shellPath = /bin/sh;
			shellScript = "\"${PODS_ROOT}/Target Support Files/Pods-trip_go/Pods-trip_go-frameworks.sh\"\n";
			showEnvVarsInLog = 0;
		};
/* End PBXShellScriptBuildPhase section */

/* Begin PBXSourcesBuildPhase section */
		B74D09A8272426F00060159B /* Sources */ = {
			isa = PBXSourcesBuildPhase;
			buildActionMask = 2147483647;
			files = (
				B7E5F78D272436D2009CC492 /* MainWindowTabsTrip.swift in Sources */,
				B7E5F79327243958009CC492 /* TripGoController.swift in Sources */,
				B7E5F7A52724FDD8009CC492 /* TripGeocoder+Helper.swift in Sources */,
				B74D09B4272426F00060159B /* ViewController.swift in Sources */,
				B7E5F78A272433CE009CC492 /* ChoiceModeController.swift in Sources */,
				B7E5F79F272447F4009CC492 /* TripMarkerHelper.swift in Sources */,
				B7E5F79927243A73009CC492 /* TripUserSettingController.swift in Sources */,
				B7E5F79727243A33009CC492 /* TripFavoiriteController.swift in Sources */,
				B7E5F7A227249ED6009CC492 /* ViewDetailRouteController.swift in Sources */,
				B74D09B0272426F00060159B /* AppDelegate.swift in Sources */,
				B78BE00F2725151F00B90BF1 /* LocationManager.swift in Sources */,
				B78BE01527252A4300B90BF1 /* ModelRoute.swift in Sources */,
				B74D09B2272426F00060159B /* SceneDelegate.swift in Sources */,
				B78BE0122725233500B90BF1 /* NetworkManager.swift in Sources */,
				B7E5F79C2724479F009CC492 /* TripGestureHelper.swift in Sources */,
				B7E5F795272439DD009CC492 /* TripCreateController.swift in Sources */,
			);
			runOnlyForDeploymentPostprocessing = 0;
		};
/* End PBXSourcesBuildPhase section */

/* Begin PBXVariantGroup section */
		B74D09B5272426F00060159B /* Main.storyboard */ = {
			isa = PBXVariantGroup;
			children = (
				B74D09B6272426F00060159B /* Base */,
			);
			name = Main.storyboard;
			sourceTree = "<group>";
		};
		B74D09BA272426F10060159B /* LaunchScreen.storyboard */ = {
			isa = PBXVariantGroup;
			children = (
				B74D09BB272426F10060159B /* Base */,
			);
			name = LaunchScreen.storyboard;
			sourceTree = "<group>";
		};
/* End PBXVariantGroup section */

/* Begin XCBuildConfiguration section */
		B74D09BE272426F10060159B /* Debug */ = {
			isa = XCBuildConfiguration;
			buildSettings = {
				ALWAYS_SEARCH_USER_PATHS = NO;
				CLANG_ANALYZER_NONNULL = YES;
				CLANG_ANALYZER_NUMBER_OBJECT_CONVERSION = YES_AGGRESSIVE;
				CLANG_CXX_LANGUAGE_STANDARD = "gnu++14";
				CLANG_CXX_LIBRARY = "libc++";
				CLANG_ENABLE_MODULES = YES;
				CLANG_ENABLE_OBJC_ARC = YES;
				CLANG_ENABLE_OBJC_WEAK = YES;
				CLANG_WARN_BLOCK_CAPTURE_AUTORELEASING = YES;
				CLANG_WARN_BOOL_CONVERSION = YES;
				CLANG_WARN_COMMA = YES;
				CLANG_WARN_CONSTANT_CONVERSION = YES;
				CLANG_WARN_DEPRECATED_OBJC_IMPLEMENTATIONS = YES;
				CLANG_WARN_DIRECT_OBJC_ISA_USAGE = YES_ERROR;
				CLANG_WARN_DOCUMENTATION_COMMENTS = YES;
				CLANG_WARN_EMPTY_BODY = YES;
				CLANG_WARN_ENUM_CONVERSION = YES;
				CLANG_WARN_INFINITE_RECURSION = YES;
				CLANG_WARN_INT_CONVERSION = YES;
				CLANG_WARN_NON_LITERAL_NULL_CONVERSION = YES;
				CLANG_WARN_OBJC_IMPLICIT_RETAIN_SELF = YES;
				CLANG_WARN_OBJC_LITERAL_CONVERSION = YES;
				CLANG_WARN_OBJC_ROOT_CLASS = YES_ERROR;
				CLANG_WARN_QUOTED_INCLUDE_IN_FRAMEWORK_HEADER = YES;
				CLANG_WARN_RANGE_LOOP_ANALYSIS = YES;
				CLANG_WARN_STRICT_PROTOTYPES = YES;
				CLANG_WARN_SUSPICIOUS_MOVE = YES;
				CLANG_WARN_UNGUARDED_AVAILABILITY = YES_AGGRESSIVE;
				CLANG_WARN_UNREACHABLE_CODE = YES;
				CLANG_WARN__DUPLICATE_METHOD_MATCH = YES;
				COPY_PHASE_STRIP = NO;
				DEBUG_INFORMATION_FORMAT = dwarf;
				ENABLE_STRICT_OBJC_MSGSEND = YES;
				ENABLE_TESTABILITY = YES;
				GCC_C_LANGUAGE_STANDARD = gnu11;
				GCC_DYNAMIC_NO_PIC = NO;
				GCC_NO_COMMON_BLOCKS = YES;
				GCC_OPTIMIZATION_LEVEL = 0;
				GCC_PREPROCESSOR_DEFINITIONS = (
					"DEBUG=1",
					"$(inherited)",
				);
				GCC_WARN_64_TO_32_BIT_CONVERSION = YES;
				GCC_WARN_ABOUT_RETURN_TYPE = YES_ERROR;
				GCC_WARN_UNDECLARED_SELECTOR = YES;
				GCC_WARN_UNINITIALIZED_AUTOS = YES_AGGRESSIVE;
				GCC_WARN_UNUSED_FUNCTION = YES;
				GCC_WARN_UNUSED_VARIABLE = YES;
				IPHONEOS_DEPLOYMENT_TARGET = 14.5;
				MTL_ENABLE_DEBUG_INFO = INCLUDE_SOURCE;
				MTL_FAST_MATH = YES;
				ONLY_ACTIVE_ARCH = YES;
				SDKROOT = iphoneos;
				SWIFT_ACTIVE_COMPILATION_CONDITIONS = DEBUG;
				SWIFT_OPTIMIZATION_LEVEL = "-Onone";
			};
			name = Debug;
		};
		B74D09BF272426F10060159B /* Release */ = {
			isa = XCBuildConfiguration;
			buildSettings = {
				ALWAYS_SEARCH_USER_PATHS = NO;
				CLANG_ANALYZER_NONNULL = YES;
				CLANG_ANALYZER_NUMBER_OBJECT_CONVERSION = YES_AGGRESSIVE;
				CLANG_CXX_LANGUAGE_STANDARD = "gnu++14";
				CLANG_CXX_LIBRARY = "libc++";
				CLANG_ENABLE_MODULES = YES;
				CLANG_ENABLE_OBJC_ARC = YES;
				CLANG_ENABLE_OBJC_WEAK = YES;
				CLANG_WARN_BLOCK_CAPTURE_AUTORELEASING = YES;
				CLANG_WARN_BOOL_CONVERSION = YES;
				CLANG_WARN_COMMA = YES;
				CLANG_WARN_CONSTANT_CONVERSION = YES;
				CLANG_WARN_DEPRECATED_OBJC_IMPLEMENTATIONS = YES;
				CLANG_WARN_DIRECT_OBJC_ISA_USAGE = YES_ERROR;
				CLANG_WARN_DOCUMENTATION_COMMENTS = YES;
				CLANG_WARN_EMPTY_BODY = YES;
				CLANG_WARN_ENUM_CONVERSION = YES;
				CLANG_WARN_INFINITE_RECURSION = YES;
				CLANG_WARN_INT_CONVERSION = YES;
				CLANG_WARN_NON_LITERAL_NULL_CONVERSION = YES;
				CLANG_WARN_OBJC_IMPLICIT_RETAIN_SELF = YES;
				CLANG_WARN_OBJC_LITERAL_CONVERSION = YES;
				CLANG_WARN_OBJC_ROOT_CLASS = YES_ERROR;
				CLANG_WARN_QUOTED_INCLUDE_IN_FRAMEWORK_HEADER = YES;
				CLANG_WARN_RANGE_LOOP_ANALYSIS = YES;
				CLANG_WARN_STRICT_PROTOTYPES = YES;
				CLANG_WARN_SUSPICIOUS_MOVE = YES;
				CLANG_WARN_UNGUARDED_AVAILABILITY = YES_AGGRESSIVE;
				CLANG_WARN_UNREACHABLE_CODE = YES;
				CLANG_WARN__DUPLICATE_METHOD_MATCH = YES;
				COPY_PHASE_STRIP = NO;
				DEBUG_INFORMATION_FORMAT = "dwarf-with-dsym";
				ENABLE_NS_ASSERTIONS = NO;
				ENABLE_STRICT_OBJC_MSGSEND = YES;
				GCC_C_LANGUAGE_STANDARD = gnu11;
				GCC_NO_COMMON_BLOCKS = YES;
				GCC_WARN_64_TO_32_BIT_CONVERSION = YES;
				GCC_WARN_ABOUT_RETURN_TYPE = YES_ERROR;
				GCC_WARN_UNDECLARED_SELECTOR = YES;
				GCC_WARN_UNINITIALIZED_AUTOS = YES_AGGRESSIVE;
				GCC_WARN_UNUSED_FUNCTION = YES;
				GCC_WARN_UNUSED_VARIABLE = YES;
				IPHONEOS_DEPLOYMENT_TARGET = 14.5;
				MTL_ENABLE_DEBUG_INFO = NO;
				MTL_FAST_MATH = YES;
				SDKROOT = iphoneos;
				SWIFT_COMPILATION_MODE = wholemodule;
				SWIFT_OPTIMIZATION_LEVEL = "-O";
				VALIDATE_PRODUCT = YES;
			};
			name = Release;
		};
		B74D09C1272426F10060159B /* Debug */ = {
			isa = XCBuildConfiguration;
			baseConfigurationReference = 1B470947B6CD2074091C865F /* Pods-trip_go.debug.xcconfig */;
			buildSettings = {
				ASSETCATALOG_COMPILER_APPICON_NAME = AppIcon;
				ASSETCATALOG_COMPILER_GLOBAL_ACCENT_COLOR_NAME = AccentColor;
				CODE_SIGN_STYLE = Automatic;
				DEVELOPMENT_TEAM = 9RCKEM6H93;
				INFOPLIST_FILE = trip_go/Info.plist;
				IPHONEOS_DEPLOYMENT_TARGET = 13.4;
				LD_RUNPATH_SEARCH_PATHS = (
					"$(inherited)",
					"@executable_path/Frameworks",
				);
				PRODUCT_BUNDLE_IDENTIFIER = "brazil-hack.trip-go";
				PRODUCT_NAME = "$(TARGET_NAME)";
				SWIFT_VERSION = 5.0;
				TARGETED_DEVICE_FAMILY = "1,2";
			};
			name = Debug;
		};
		B74D09C2272426F10060159B /* Release */ = {
			isa = XCBuildConfiguration;
			baseConfigurationReference = 3DC5B1694C93B775768037F3 /* Pods-trip_go.release.xcconfig */;
			buildSettings = {
				ASSETCATALOG_COMPILER_APPICON_NAME = AppIcon;
				ASSETCATALOG_COMPILER_GLOBAL_ACCENT_COLOR_NAME = AccentColor;
				CODE_SIGN_STYLE = Automatic;
				DEVELOPMENT_TEAM = 9RCKEM6H93;
				INFOPLIST_FILE = trip_go/Info.plist;
				IPHONEOS_DEPLOYMENT_TARGET = 13.4;
				LD_RUNPATH_SEARCH_PATHS = (
					"$(inherited)",
					"@executable_path/Frameworks",
				);
				PRODUCT_BUNDLE_IDENTIFIER = "brazil-hack.trip-go";
				PRODUCT_NAME = "$(TARGET_NAME)";
				SWIFT_VERSION = 5.0;
				TARGETED_DEVICE_FAMILY = "1,2";
			};
			name = Release;
		};
/* End XCBuildConfiguration section */

/* Begin XCConfigurationList section */
		B74D09A7272426F00060159B /* Build configuration list for PBXProject "trip_go" */ = {
			isa = XCConfigurationList;
			buildConfigurations = (
				B74D09BE272426F10060159B /* Debug */,
				B74D09BF272426F10060159B /* Release */,
			);
			defaultConfigurationIsVisible = 0;
			defaultConfigurationName = Release;
		};
		B74D09C0272426F10060159B /* Build configuration list for PBXNativeTarget "trip_go" */ = {
			isa = XCConfigurationList;
			buildConfigurations = (
				B74D09C1272426F10060159B /* Debug */,
				B74D09C2272426F10060159B /* Release */,
			);
			defaultConfigurationIsVisible = 0;
			defaultConfigurationName = Release;
		};
/* End XCConfigurationList section */
	};
	rootObject = B74D09A4272426F00060159B /* Project object */;
}
