// !$*UTF8*$!
{
	archiveVersion = 1;
	classes = {
	};
	objectVersion = 50;
	objects = {

/* Begin PBXBuildFile section */
		B74D09D0272427580060159B /* AppDelegate.swift in Sources */ = {isa = PBXBuildFile; fileRef = B74D09CF272427580060159B /* AppDelegate.swift */; };
		B74D09D2272427580060159B /* SceneDelegate.swift in Sources */ = {isa = PBXBuildFile; fileRef = B74D09D1272427580060159B /* SceneDelegate.swift */; };
		B74D09D4272427580060159B /* ViewController.swift in Sources */ = {isa = PBXBuildFile; fileRef = B74D09D3272427580060159B /* ViewController.swift */; };
		B74D09D7272427580060159B /* Main.storyboard in Resources */ = {isa = PBXBuildFile; fileRef = B74D09D5272427580060159B /* Main.storyboard */; };
		B74D09D92724275D0060159B /* Assets.xcassets in Resources */ = {isa = PBXBuildFile; fileRef = B74D09D82724275D0060159B /* Assets.xcassets */; };
		B74D09DC2724275D0060159B /* LaunchScreen.storyboard in Resources */ = {isa = PBXBuildFile; fileRef = B74D09DA2724275D0060159B /* LaunchScreen.storyboard */; };
		F9EC62CFEC56B0B33607B361 /* Pods_trip_creater.framework in Frameworks */ = {isa = PBXBuildFile; fileRef = 5172EA2370B5C489152CF6C1 /* Pods_trip_creater.framework */; };
/* End PBXBuildFile section */

/* Begin PBXFileReference section */
		0B0D2BBC9F5A1BD2B261BDD9 /* Pods-trip_creater.debug.xcconfig */ = {isa = PBXFileReference; includeInIndex = 1; lastKnownFileType = text.xcconfig; name = "Pods-trip_creater.debug.xcconfig"; path = "Target Support Files/Pods-trip_creater/Pods-trip_creater.debug.xcconfig"; sourceTree = "<group>"; };
		5172EA2370B5C489152CF6C1 /* Pods_trip_creater.framework */ = {isa = PBXFileReference; explicitFileType = wrapper.framework; includeInIndex = 0; path = Pods_trip_creater.framework; sourceTree = BUILT_PRODUCTS_DIR; };
		7C4D9A390E82F4FD53C394B7 /* Pods-trip_creater.release.xcconfig */ = {isa = PBXFileReference; includeInIndex = 1; lastKnownFileType = text.xcconfig; name = "Pods-trip_creater.release.xcconfig"; path = "Target Support Files/Pods-trip_creater/Pods-trip_creater.release.xcconfig"; sourceTree = "<group>"; };
		B74D09CC272427580060159B /* trip_creater.app */ = {isa = PBXFileReference; explicitFileType = wrapper.application; includeInIndex = 0; path = trip_creater.app; sourceTree = BUILT_PRODUCTS_DIR; };
		B74D09CF272427580060159B /* AppDelegate.swift */ = {isa = PBXFileReference; lastKnownFileType = sourcecode.swift; path = AppDelegate.swift; sourceTree = "<group>"; };
		B74D09D1272427580060159B /* SceneDelegate.swift */ = {isa = PBXFileReference; lastKnownFileType = sourcecode.swift; path = SceneDelegate.swift; sourceTree = "<group>"; };
		B74D09D3272427580060159B /* ViewController.swift */ = {isa = PBXFileReference; lastKnownFileType = sourcecode.swift; path = ViewController.swift; sourceTree = "<group>"; };
		B74D09D6272427580060159B /* Base */ = {isa = PBXFileReference; lastKnownFileType = file.storyboard; name = Base; path = Base.lproj/Main.storyboard; sourceTree = "<group>"; };
		B74D09D82724275D0060159B /* Assets.xcassets */ = {isa = PBXFileReference; lastKnownFileType = folder.assetcatalog; path = Assets.xcassets; sourceTree = "<group>"; };
		B74D09DB2724275D0060159B /* Base */ = {isa = PBXFileReference; lastKnownFileType = file.storyboard; name = Base; path = Base.lproj/LaunchScreen.storyboard; sourceTree = "<group>"; };
		B74D09DD2724275D0060159B /* Info.plist */ = {isa = PBXFileReference; lastKnownFileType = text.plist.xml; path = Info.plist; sourceTree = "<group>"; };
/* End PBXFileReference section */

/* Begin PBXFrameworksBuildPhase section */
		B74D09C9272427580060159B /* Frameworks */ = {
			isa = PBXFrameworksBuildPhase;
			buildActionMask = 2147483647;
			files = (
				F9EC62CFEC56B0B33607B361 /* Pods_trip_creater.framework in Frameworks */,
			);
			runOnlyForDeploymentPostprocessing = 0;
		};
/* End PBXFrameworksBuildPhase section */

/* Begin PBXGroup section */
		3421ED93FE8E68EF1DE369A1 /* Pods */ = {
			isa = PBXGroup;
			children = (
				0B0D2BBC9F5A1BD2B261BDD9 /* Pods-trip_creater.debug.xcconfig */,
				7C4D9A390E82F4FD53C394B7 /* Pods-trip_creater.release.xcconfig */,
			);
			name = Pods;
			path = Pods;
			sourceTree = "<group>";
		};
		B74D09C3272427570060159B = {
			isa = PBXGroup;
			children = (
				B74D09CE272427580060159B /* trip_creater */,
				B74D09CD272427580060159B /* Products */,
				3421ED93FE8E68EF1DE369A1 /* Pods */,
				BA0B7FE14E9EC5ABF24737E6 /* Frameworks */,
			);
			sourceTree = "<group>";
		};
		B74D09CD272427580060159B /* Products */ = {
			isa = PBXGroup;
			children = (
				B74D09CC272427580060159B /* trip_creater.app */,
			);
			name = Products;
			sourceTree = "<group>";
		};
		B74D09CE272427580060159B /* trip_creater */ = {
			isa = PBXGroup;
			children = (
				B74D09CF272427580060159B /* AppDelegate.swift */,
				B74D09D1272427580060159B /* SceneDelegate.swift */,
				B74D09D3272427580060159B /* ViewController.swift */,
				B74D09D5272427580060159B /* Main.storyboard */,
				B74D09D82724275D0060159B /* Assets.xcassets */,
				B74D09DA2724275D0060159B /* LaunchScreen.storyboard */,
				B74D09DD2724275D0060159B /* Info.plist */,
			);
			path = trip_creater;
			sourceTree = "<group>";
		};
		BA0B7FE14E9EC5ABF24737E6 /* Frameworks */ = {
			isa = PBXGroup;
			children = (
				5172EA2370B5C489152CF6C1 /* Pods_trip_creater.framework */,
			);
			name = Frameworks;
			sourceTree = "<group>";
		};
/* End PBXGroup section */

/* Begin PBXNativeTarget section */
		B74D09CB272427580060159B /* trip_creater */ = {
			isa = PBXNativeTarget;
			buildConfigurationList = B74D09E02724275D0060159B /* Build configuration list for PBXNativeTarget "trip_creater" */;
			buildPhases = (
				D65556ECA8DBC4FCC9DB2A99 /* [CP] Check Pods Manifest.lock */,
				B74D09C8272427580060159B /* Sources */,
				B74D09C9272427580060159B /* Frameworks */,
				B74D09CA272427580060159B /* Resources */,
				5DBBDA49BD0ABA49689ED0AE /* [CP] Embed Pods Frameworks */,
			);
			buildRules = (
			);
			dependencies = (
			);
			name = trip_creater;
			productName = trip_creater;
			productReference = B74D09CC272427580060159B /* trip_creater.app */;
			productType = "com.apple.product-type.application";
		};
/* End PBXNativeTarget section */

/* Begin PBXProject section */
		B74D09C4272427570060159B /* Project object */ = {
			isa = PBXProject;
			attributes = {
				LastSwiftUpdateCheck = 1250;
				LastUpgradeCheck = 1250;
				TargetAttributes = {
					B74D09CB272427580060159B = {
						CreatedOnToolsVersion = 12.5;
					};
				};
			};
			buildConfigurationList = B74D09C7272427570060159B /* Build configuration list for PBXProject "trip_creater" */;
			compatibilityVersion = "Xcode 9.3";
			developmentRegion = en;
			hasScannedForEncodings = 0;
			knownRegions = (
				en,
				Base,
			);
			mainGroup = B74D09C3272427570060159B;
			productRefGroup = B74D09CD272427580060159B /* Products */;
			projectDirPath = "";
			projectRoot = "";
			targets = (
				B74D09CB272427580060159B /* trip_creater */,
			);
		};
/* End PBXProject section */

/* Begin PBXResourcesBuildPhase section */
		B74D09CA272427580060159B /* Resources */ = {
			isa = PBXResourcesBuildPhase;
			buildActionMask = 2147483647;
			files = (
				B74D09DC2724275D0060159B /* LaunchScreen.storyboard in Resources */,
				B74D09D92724275D0060159B /* Assets.xcassets in Resources */,
				B74D09D7272427580060159B /* Main.storyboard in Resources */,
			);
			runOnlyForDeploymentPostprocessing = 0;
		};
/* End PBXResourcesBuildPhase section */

/* Begin PBXShellScriptBuildPhase section */
		5DBBDA49BD0ABA49689ED0AE /* [CP] Embed Pods Frameworks */ = {
			isa = PBXShellScriptBuildPhase;
			buildActionMask = 2147483647;
			files = (
			);
			inputFileListPaths = (
				"${PODS_ROOT}/Target Support Files/Pods-trip_creater/Pods-trip_creater-frameworks-${CONFIGURATION}-input-files.xcfilelist",
			);
			name = "[CP] Embed Pods Frameworks";
			outputFileListPaths = (
				"${PODS_ROOT}/Target Support Files/Pods-trip_creater/Pods-trip_creater-frameworks-${CONFIGURATION}-output-files.xcfilelist",
			);
			runOnlyForDeploymentPostprocessing = 0;
			shellPath = /bin/sh;
			shellScript = "\"${PODS_ROOT}/Target Support Files/Pods-trip_creater/Pods-trip_creater-frameworks.sh\"\n";
			showEnvVarsInLog = 0;
		};
		D65556ECA8DBC4FCC9DB2A99 /* [CP] Check Pods Manifest.lock */ = {
			isa = PBXShellScriptBuildPhase;
			buildActionMask = 2147483647;
			files = (
			);
			inputFileListPaths = (
			);
			inputPaths = (
				"${PODS_PODFILE_DIR_PATH}/Podfile.lock",
				"${PODS_ROOT}/Manifest.lock",
			);
			name = "[CP] Check Pods Manifest.lock";
			outputFileListPaths = (
			);
			outputPaths = (
				"$(DERIVED_FILE_DIR)/Pods-trip_creater-checkManifestLockResult.txt",
			);
			runOnlyForDeploymentPostprocessing = 0;
			shellPath = /bin/sh;
			shellScript = "diff \"${PODS_PODFILE_DIR_PATH}/Podfile.lock\" \"${PODS_ROOT}/Manifest.lock\" > /dev/null\nif [ $? != 0 ] ; then\n    # print error to STDERR\n    echo \"error: The sandbox is not in sync with the Podfile.lock. Run 'pod install' or update your CocoaPods installation.\" >&2\n    exit 1\nfi\n# This output is used by Xcode 'outputs' to avoid re-running this script phase.\necho \"SUCCESS\" > \"${SCRIPT_OUTPUT_FILE_0}\"\n";
			showEnvVarsInLog = 0;
		};
/* End PBXShellScriptBuildPhase section */

/* Begin PBXSourcesBuildPhase section */
		B74D09C8272427580060159B /* Sources */ = {
			isa = PBXSourcesBuildPhase;
			buildActionMask = 2147483647;
			files = (
				B74D09D4272427580060159B /* ViewController.swift in Sources */,
				B74D09D0272427580060159B /* AppDelegate.swift in Sources */,
				B74D09D2272427580060159B /* SceneDelegate.swift in Sources */,
			);
			runOnlyForDeploymentPostprocessing = 0;
		};
/* End PBXSourcesBuildPhase section */

/* Begin PBXVariantGroup section */
		B74D09D5272427580060159B /* Main.storyboard */ = {
			isa = PBXVariantGroup;
			children = (
				B74D09D6272427580060159B /* Base */,
			);
			name = Main.storyboard;
			sourceTree = "<group>";
		};
		B74D09DA2724275D0060159B /* LaunchScreen.storyboard */ = {
			isa = PBXVariantGroup;
			children = (
				B74D09DB2724275D0060159B /* Base */,
			);
			name = LaunchScreen.storyboard;
			sourceTree = "<group>";
		};
/* End PBXVariantGroup section */

/* Begin XCBuildConfiguration section */
		B74D09DE2724275D0060159B /* Debug */ = {
			isa = XCBuildConfiguration;
			buildSettings = {
				ALWAYS_SEARCH_USER_PATHS = NO;
				CLANG_ANALYZER_NONNULL = YES;
				CLANG_ANALYZER_NUMBER_OBJECT_CONVERSION = YES_AGGRESSIVE;
				CLANG_CXX_LANGUAGE_STANDARD = "gnu++14";
				CLANG_CXX_LIBRARY = "libc++";
				CLANG_ENABLE_MODULES = YES;
				CLANG_ENABLE_OBJC_ARC = YES;
				CLANG_ENABLE_OBJC_WEAK = YES;
				CLANG_WARN_BLOCK_CAPTURE_AUTORELEASING = YES;
				CLANG_WARN_BOOL_CONVERSION = YES;
				CLANG_WARN_COMMA = YES;
				CLANG_WARN_CONSTANT_CONVERSION = YES;
				CLANG_WARN_DEPRECATED_OBJC_IMPLEMENTATIONS = YES;
				CLANG_WARN_DIRECT_OBJC_ISA_USAGE = YES_ERROR;
				CLANG_WARN_DOCUMENTATION_COMMENTS = YES;
				CLANG_WARN_EMPTY_BODY = YES;
				CLANG_WARN_ENUM_CONVERSION = YES;
				CLANG_WARN_INFINITE_RECURSION = YES;
				CLANG_WARN_INT_CONVERSION = YES;
				CLANG_WARN_NON_LITERAL_NULL_CONVERSION = YES;
				CLANG_WARN_OBJC_IMPLICIT_RETAIN_SELF = YES;
				CLANG_WARN_OBJC_LITERAL_CONVERSION = YES;
				CLANG_WARN_OBJC_ROOT_CLASS = YES_ERROR;
				CLANG_WARN_QUOTED_INCLUDE_IN_FRAMEWORK_HEADER = YES;
				CLANG_WARN_RANGE_LOOP_ANALYSIS = YES;
				CLANG_WARN_STRICT_PROTOTYPES = YES;
				CLANG_WARN_SUSPICIOUS_MOVE = YES;
				CLANG_WARN_UNGUARDED_AVAILABILITY = YES_AGGRESSIVE;
				CLANG_WARN_UNREACHABLE_CODE = YES;
				CLANG_WARN__DUPLICATE_METHOD_MATCH = YES;
				COPY_PHASE_STRIP = NO;
				DEBUG_INFORMATION_FORMAT = dwarf;
				ENABLE_STRICT_OBJC_MSGSEND = YES;
				ENABLE_TESTABILITY = YES;
				GCC_C_LANGUAGE_STANDARD = gnu11;
				GCC_DYNAMIC_NO_PIC = NO;
				GCC_NO_COMMON_BLOCKS = YES;
				GCC_OPTIMIZATION_LEVEL = 0;
				GCC_PREPROCESSOR_DEFINITIONS = (
					"DEBUG=1",
					"$(inherited)",
				);
				GCC_WARN_64_TO_32_BIT_CONVERSION = YES;
				GCC_WARN_ABOUT_RETURN_TYPE = YES_ERROR;
				GCC_WARN_UNDECLARED_SELECTOR = YES;
				GCC_WARN_UNINITIALIZED_AUTOS = YES_AGGRESSIVE;
				GCC_WARN_UNUSED_FUNCTION = YES;
				GCC_WARN_UNUSED_VARIABLE = YES;
				IPHONEOS_DEPLOYMENT_TARGET = 14.5;
				MTL_ENABLE_DEBUG_INFO = INCLUDE_SOURCE;
				MTL_FAST_MATH = YES;
				ONLY_ACTIVE_ARCH = YES;
				SDKROOT = iphoneos;
				SWIFT_ACTIVE_COMPILATION_CONDITIONS = DEBUG;
				SWIFT_OPTIMIZATION_LEVEL = "-Onone";
			};
			name = Debug;
		};
		B74D09DF2724275D0060159B /* Release */ = {
			isa = XCBuildConfiguration;
			buildSettings = {
				ALWAYS_SEARCH_USER_PATHS = NO;
				CLANG_ANALYZER_NONNULL = YES;
				CLANG_ANALYZER_NUMBER_OBJECT_CONVERSION = YES_AGGRESSIVE;
				CLANG_CXX_LANGUAGE_STANDARD = "gnu++14";
				CLANG_CXX_LIBRARY = "libc++";
				CLANG_ENABLE_MODULES = YES;
				CLANG_ENABLE_OBJC_ARC = YES;
				CLANG_ENABLE_OBJC_WEAK = YES;
				CLANG_WARN_BLOCK_CAPTURE_AUTORELEASING = YES;
				CLANG_WARN_BOOL_CONVERSION = YES;
				CLANG_WARN_COMMA = YES;
				CLANG_WARN_CONSTANT_CONVERSION = YES;
				CLANG_WARN_DEPRECATED_OBJC_IMPLEMENTATIONS = YES;
				CLANG_WARN_DIRECT_OBJC_ISA_USAGE = YES_ERROR;
				CLANG_WARN_DOCUMENTATION_COMMENTS = YES;
				CLANG_WARN_EMPTY_BODY = YES;
				CLANG_WARN_ENUM_CONVERSION = YES;
				CLANG_WARN_INFINITE_RECURSION = YES;
				CLANG_WARN_INT_CONVERSION = YES;
				CLANG_WARN_NON_LITERAL_NULL_CONVERSION = YES;
				CLANG_WARN_OBJC_IMPLICIT_RETAIN_SELF = YES;
				CLANG_WARN_OBJC_LITERAL_CONVERSION = YES;
				CLANG_WARN_OBJC_ROOT_CLASS = YES_ERROR;
				CLANG_WARN_QUOTED_INCLUDE_IN_FRAMEWORK_HEADER = YES;
				CLANG_WARN_RANGE_LOOP_ANALYSIS = YES;
				CLANG_WARN_STRICT_PROTOTYPES = YES;
				CLANG_WARN_SUSPICIOUS_MOVE = YES;
				CLANG_WARN_UNGUARDED_AVAILABILITY = YES_AGGRESSIVE;
				CLANG_WARN_UNREACHABLE_CODE = YES;
				CLANG_WARN__DUPLICATE_METHOD_MATCH = YES;
				COPY_PHASE_STRIP = NO;
				DEBUG_INFORMATION_FORMAT = "dwarf-with-dsym";
				ENABLE_NS_ASSERTIONS = NO;
				ENABLE_STRICT_OBJC_MSGSEND = YES;
				GCC_C_LANGUAGE_STANDARD = gnu11;
				GCC_NO_COMMON_BLOCKS = YES;
				GCC_WARN_64_TO_32_BIT_CONVERSION = YES;
				GCC_WARN_ABOUT_RETURN_TYPE = YES_ERROR;
				GCC_WARN_UNDECLARED_SELECTOR = YES;
				GCC_WARN_UNINITIALIZED_AUTOS = YES_AGGRESSIVE;
				GCC_WARN_UNUSED_FUNCTION = YES;
				GCC_WARN_UNUSED_VARIABLE = YES;
				IPHONEOS_DEPLOYMENT_TARGET = 14.5;
				MTL_ENABLE_DEBUG_INFO = NO;
				MTL_FAST_MATH = YES;
				SDKROOT = iphoneos;
				SWIFT_COMPILATION_MODE = wholemodule;
				SWIFT_OPTIMIZATION_LEVEL = "-O";
				VALIDATE_PRODUCT = YES;
			};
			name = Release;
		};
		B74D09E12724275D0060159B /* Debug */ = {
			isa = XCBuildConfiguration;
			baseConfigurationReference = 0B0D2BBC9F5A1BD2B261BDD9 /* Pods-trip_creater.debug.xcconfig */;
			buildSettings = {
				ASSETCATALOG_COMPILER_APPICON_NAME = AppIcon;
				ASSETCATALOG_COMPILER_GLOBAL_ACCENT_COLOR_NAME = AccentColor;
				CODE_SIGN_STYLE = Automatic;
				DEVELOPMENT_TEAM = 9RCKEM6H93;
				INFOPLIST_FILE = trip_creater/Info.plist;
				IPHONEOS_DEPLOYMENT_TARGET = 13.4;
				LD_RUNPATH_SEARCH_PATHS = (
					"$(inherited)",
					"@executable_path/Frameworks",
				);
				PRODUCT_BUNDLE_IDENTIFIER = "brazil-hack.trip-creater";
				PRODUCT_NAME = "$(TARGET_NAME)";
				SWIFT_VERSION = 5.0;
				TARGETED_DEVICE_FAMILY = "1,2";
			};
			name = Debug;
		};
		B74D09E22724275D0060159B /* Release */ = {
			isa = XCBuildConfiguration;
			baseConfigurationReference = 7C4D9A390E82F4FD53C394B7 /* Pods-trip_creater.release.xcconfig */;
			buildSettings = {
				ASSETCATALOG_COMPILER_APPICON_NAME = AppIcon;
				ASSETCATALOG_COMPILER_GLOBAL_ACCENT_COLOR_NAME = AccentColor;
				CODE_SIGN_STYLE = Automatic;
				DEVELOPMENT_TEAM = 9RCKEM6H93;
				INFOPLIST_FILE = trip_creater/Info.plist;
				IPHONEOS_DEPLOYMENT_TARGET = 13.4;
				LD_RUNPATH_SEARCH_PATHS = (
					"$(inherited)",
					"@executable_path/Frameworks",
				);
				PRODUCT_BUNDLE_IDENTIFIER = "brazil-hack.trip-creater";
				PRODUCT_NAME = "$(TARGET_NAME)";
				SWIFT_VERSION = 5.0;
				TARGETED_DEVICE_FAMILY = "1,2";
			};
			name = Release;
		};
/* End XCBuildConfiguration section */

/* Begin XCConfigurationList section */
		B74D09C7272427570060159B /* Build configuration list for PBXProject "trip_creater" */ = {
			isa = XCConfigurationList;
			buildConfigurations = (
				B74D09DE2724275D0060159B /* Debug */,
				B74D09DF2724275D0060159B /* Release */,
			);
			defaultConfigurationIsVisible = 0;
			defaultConfigurationName = Release;
		};
		B74D09E02724275D0060159B /* Build configuration list for PBXNativeTarget "trip_creater" */ = {
			isa = XCConfigurationList;
			buildConfigurations = (
				B74D09E12724275D0060159B /* Debug */,
				B74D09E22724275D0060159B /* Release */,
			);
			defaultConfigurationIsVisible = 0;
			defaultConfigurationName = Release;
		};
/* End XCConfigurationList section */
	};
	rootObject = B74D09C4272427570060159B /* Project object */;
}
